
Microsoft Visual Studio Solution File, Format Version 12.00
# Visual Studio Version 17
VisualStudioVersion = 17.4.33205.214
MinimumVisualStudioVersion = 10.0.40219.1
Project("{9A19103F-16F7-4668-BE54-9A1E7A4F7556}") = "NFTGenApi", "NFTGenApi.csproj", "{D5762583-1E12-4EBF-AFC2-4A29A06FC7A7}"
EndProject
Project("{9A19103F-16F7-4668-BE54-9A1E7A4F7556}") = "NFTGenTests", "..\NFTGenTests1\NFTGenTests.csproj", "{E2FBC764-1B3D-4314-88A2-39D974BC3ED6}"
EndProject
Global
	GlobalSection(SolutionConfigurationPlatforms) = preSolution
		Debug|Any CPU = Debug|Any CPU
		Release|Any CPU = Release|Any CPU
	EndGlobalSection
	GlobalSection(ProjectConfigurationPlatforms) = postSolution
		{D5762583-1E12-4EBF-AFC2-4A29A06FC7A7}.Debug|Any CPU.ActiveCfg = Debug|Any CPU
		{D5762583-1E12-4EBF-AFC2-4A29A06FC7A7}.Debug|Any CPU.Build.0 = Debug|Any CPU
		{D5762583-1E12-4EBF-AFC2-4A29A06FC7A7}.Release|Any CPU.ActiveCfg = Release|Any CPU
		{D5762583-1E12-4EBF-AFC2-4A29A06FC7A7}.Release|Any CPU.Build.0 = Release|Any CPU
		{E2FBC764-1B3D-4314-88A2-39D974BC3ED6}.Debug|Any CPU.ActiveCfg = Debug|Any CPU
		{E2FBC764-1B3D-4314-88A2-39D974BC3ED6}.Debug|Any CPU.Build.0 = Debug|Any CPU
		{E2FBC764-1B3D-4314-88A2-39D974BC3ED6}.Release|Any CPU.ActiveCfg = Release|Any CPU
		{E2FBC764-1B3D-4314-88A2-39D974BC3ED6}.Release|Any CPU.Build.0 = Release|Any CPU
	EndGlobalSection
	GlobalSection(SolutionProperties) = preSolution
		HideSolutionNode = FALSE
	EndGlobalSection
	GlobalSection(ExtensibilityGlobals) = postSolution
		SolutionGuid = {D41E1345-1E95-4CC4-9579-2EE274DE5216}
	EndGlobalSection
EndGlobal
